<Solution>
  <Folder Name="/src/">
    <Project Path="src/Accounts.API/Accounts.API.csproj" />
    <Project Path="src/Accounts.Domain/Accounts.Domain.csproj" />
    <Project Path="src/Accounts.Infrastructure/Accounts.Infrastructure.csproj" />
    <Project Path="src/admin_web/admin_web.esproj">
      <Build />
      <Deploy />
    </Project>
    <Project Path="src/Branch.API/Branch.API.csproj" />
    <Project Path="src/Catalog.API/Catalog.API.csproj" />
    <Project Path="src/Control.API/Control.API.csproj" />
    <Project Path="src/Ninja.AI/Ninja.AI.csproj" />
    <Project Path="src/Ninja.AppHost/Ninja.AppHost.csproj" />
    <Project Path="src/Ninja.ServiceDefaults/Ninja.ServiceDefaults.csproj" />
    <Project Path="src/control_web/control_web.esproj">
      <Build />
      <Deploy />
    </Project>
    <Project Path="src/client_web/client_web.esproj">
      <Build />
      <Deploy />
    </Project>
    <Project Path="src/EventBus/EventBus.csproj" />
    <Project Path="src/EventBusRabbitMQ/EventBusRabbitMQ.csproj" />
    <Project Path="src/Identity.API/Identity.API.csproj" />
    <Project Path="src/Inventory.API/Inventory.API.csproj" />
    <Project Path="src/Inventory.Domain/Inventory.Domain.csproj" />
    <Project Path="src/Inventory.Infrastructure/Inventory.Infrastructure.csproj" />
    <Project Path="src/Payroll.API/Payroll.API.csproj" />
    <Project Path="src/Payroll.Domain/Payroll.Domain.csproj" />
    <Project Path="src/Payroll.Infrastructure/Payroll.Infrastructure.csproj" />
    <Project Path="src/Finance.API/Finance.API.csproj" />
    <Project Path="src/Finance.Domain/Finance.Domain.csproj" />
    <Project Path="src/Finance.Infrastructure/Finance.Infrastructure.csproj" />
    <Project Path="src/IntegrationEventLogEF/IntegrationEventLogEF.csproj" />
    <Project Path="src/kds_web/kds_web.esproj">
      <Build />
      <Deploy />
    </Project>
    <Project Path="src/Loyalty.API/Loyalty.API.csproj" />
    <Project Path="src/Notification.API/Notification.API.csproj" />
    <Project Path="src/Ordering.API/Ordering.API.csproj" />
    <Project Path="src/Ordering.Domain/Ordering.Domain.csproj" />
    <Project Path="src/Ordering.Infrastructure/Ordering.Infrastructure.csproj" />
    <Project Path="src/pos_web/pos_web.esproj">
      <Build />
      <Deploy />
    </Project>
    <Project Path="src/Sales.API/Sales.API.csproj" />
    <Project Path="src/Sales.Domain/Sales.Domain.csproj" />
    <Project Path="src/Sales.Infrastructure/Sales.Infrastructure.csproj" />
    <Project Path="src/Spaces.API/Spaces.API.csproj" />
    <Project Path="src/Spaces.Domain/Spaces.Domain.csproj" />
    <Project Path="src/Spaces.Infrastructure/Spaces.Infrastructure.csproj" />
  </Folder>
  <Folder Name="/tests/">
    <Project Path="tests/Ninja.AI.UnitTests/Ninja.AI.UnitTests.csproj" />
    <Project Path="tests/Ninja.AppHost.UnitTests/Ninja.AppHost.UnitTests.csproj" />
    <Project Path="tests/Ninja.Contracts.Tests/Ninja.Contracts.Tests.csproj" />
    <Project Path="tests/Ninja.E2E/Ninja.E2E.csproj" />
    <Project Path="tests/Catalog.FunctionalTests/Catalog.FunctionalTests.csproj" />
    <Project Path="tests/Catalog.UnitTests/Catalog.UnitTests.csproj" />
    <Project Path="tests/Ordering.FunctionalTests/Ordering.FunctionalTests.csproj" />
    <Project Path="tests/Accounts.UnitTests/Accounts.UnitTests.csproj" />
    <Project Path="tests/Branch.UnitTests/Branch.UnitTests.csproj" />
    <Project Path="tests/Control.UnitTests/Control.UnitTests.csproj" />
    <Project Path="tests/Control.FunctionalTests/Control.FunctionalTests.csproj" />
    <Project Path="tests/Control.AcceptanceTests/Control.AcceptanceTests.csproj" />
    <Project Path="tests/Ninja.Testing/Ninja.Testing.csproj" />
    <Project Path="tests/Loyalty.UnitTests/Loyalty.UnitTests.csproj" />
    <Project Path="tests/Loyalty.FunctionalTests/Loyalty.FunctionalTests.csproj" />
    <Project Path="tests/Notification.FunctionalTests/Notification.FunctionalTests.csproj" />
    <Project Path="tests/Branch.FunctionalTests/Branch.FunctionalTests.csproj" />
    <Project Path="tests/Spaces.FunctionalTests/Spaces.FunctionalTests.csproj" />
    <Project Path="tests/Sales.FunctionalTests/Sales.FunctionalTests.csproj" />
    <Project Path="tests/Inventory.FunctionalTests/Inventory.FunctionalTests.csproj" />
    <Project Path="tests/Finance.FunctionalTests/Finance.FunctionalTests.csproj" />
    <Project Path="tests/Payroll.FunctionalTests/Payroll.FunctionalTests.csproj" />
    <Project Path="tests/Accounts.FunctionalTests/Accounts.FunctionalTests.csproj" />
    <Project Path="tests/Identity.FunctionalTests/Identity.FunctionalTests.csproj" />
    <Project Path="tests/Identity.UnitTests/Identity.UnitTests.csproj" />
    <Project Path="tests/Inventory.UnitTests/Inventory.UnitTests.csproj" />
    <Project Path="tests/Payroll.UnitTests/Payroll.UnitTests.csproj" />
    <Project Path="tests/Finance.UnitTests/Finance.UnitTests.csproj" />
    <Project Path="tests/Ordering.UnitTests/Ordering.UnitTests.csproj" />
    <Project Path="tests/Sales.UnitTests/Sales.UnitTests.csproj" />
    <Project Path="tests/ServiceDefaults.UnitTests/ServiceDefaults.UnitTests.csproj" />
    <Project Path="tests/Spaces.UnitTests/Spaces.UnitTests.csproj" />
  </Folder>
  <Folder Name="/Solution Items/">
    <File Path=".editorconfig" />
    <File Path="Directory.Packages.props" />
    <File Path="NuGet.config" />
    <File Path="README.md" />
  </Folder>
</Solution>
